
Microsoft Visual Studio Solution File, Format Version 12.00
# Visual Studio Version 17
VisualStudioVersion = 17.5.33516.290
MinimumVisualStudioVersion = 10.0.40219.1
Project("{FAE04EC0-301F-11D3-BF4B-00C04F79EFBC}") = "WpfTelegramDesign", "WpfTelegramDesign.csproj", "{686F70A7-7649-4964-9839-9CA418420778}"
EndProject
Global
	GlobalSection(SolutionConfigurationPlatforms) = preSolution
		Debug|Any CPU = Debug|Any CPU
		Release|Any CPU = Release|Any CPU
	EndGlobalSection
	GlobalSection(ProjectConfigurationPlatforms) = postSolution
		{686F70A7-7649-4964-9839-9CA418420778}.Debug|Any CPU.ActiveCfg = Debug|Any CPU
		{686F70A7-7649-4964-9839-9CA418420778}.Debug|Any CPU.Build.0 = Debug|Any CPU
		{686F70A7-7649-4964-9839-9CA418420778}.Release|Any CPU.ActiveCfg = Release|Any CPU
		{686F70A7-7649-4964-9839-9CA418420778}.Release|Any CPU.Build.0 = Release|Any CPU
	EndGlobalSection
	GlobalSection(SolutionProperties) = preSolution
		HideSolutionNode = FALSE
	EndGlobalSection
	GlobalSection(ExtensibilityGlobals) = postSolution
		SolutionGuid = {A29C80A9-D9DD-4C98-BE3F-C2DD08220664}
	EndGlobalSection
EndGlobal
